
Microsoft Visual Studio Solution File, Format Version 12.00
# Visual Studio Version 17
VisualStudioVersion = 17.8.34316.72
MinimumVisualStudioVersion = 10.0.40219.1
Project("{FAE04EC0-301F-11D3-BF4B-00C04F79EFBC}") = "ConnectFour", "ConnectFour\ConnectFour.csproj", "{F4FEA6B7-47A9-496C-834B-2FC29E950461}"
EndProject
Global
	GlobalSection(SolutionConfigurationPlatforms) = preSolution
		Debug|Any CPU = Debug|Any CPU
		Release|Any CPU = Release|Any CPU
	EndGlobalSection
	GlobalSection(ProjectConfigurationPlatforms) = postSolution
		{F4FEA6B7-47A9-496C-834B-2FC29E950461}.Debug|Any CPU.ActiveCfg = Debug|Any CPU
		{F4FEA6B7-47A9-496C-834B-2FC29E950461}.Debug|Any CPU.Build.0 = Debug|Any CPU
		{F4FEA6B7-47A9-496C-834B-2FC29E950461}.Release|Any CPU.ActiveCfg = Release|Any CPU
		{F4FEA6B7-47A9-496C-834B-2FC29E950461}.Release|Any CPU.Build.0 = Release|Any CPU
	EndGlobalSection
	GlobalSection(SolutionProperties) = preSolution
		HideSolutionNode = FALSE
	EndGlobalSection
	GlobalSection(ExtensibilityGlobals) = postSolution
		SolutionGuid = {1D309B5A-64A9-4C90-92C2-B68E1412ECA3}
	EndGlobalSection
EndGlobal
